// !$*UTF8*$!
{
	archiveVersion = 1;
	classes = {
	};
	objectVersion = 50;
	objects = {

/* Begin PBXBuildFile section */
		3C14F94423B5EFEA00A41B82 /* RTSPStreamViewController.swift in Sources */ = {isa = PBXBuildFile; fileRef = 3C14F94323B5EFEA00A41B82 /* RTSPStreamViewController.swift */; };
		3C18FC9623C1D44200E533F8 /* TextInputCell.swift in Sources */ = {isa = PBXBuildFile; fileRef = 3C18FC9523C1D44200E533F8 /* TextInputCell.swift */; };
		3C786C7D23BDA7AB009B7351 /* AddStreamViewController.swift in Sources */ = {isa = PBXBuildFile; fileRef = 3C786C7C23BDA7AB009B7351 /* AddStreamViewController.swift */; };
		3C786C7F23BDA842009B7351 /* AddStream.storyboard in Resources */ = {isa = PBXBuildFile; fileRef = 3C786C7E23BDA842009B7351 /* AddStream.storyboard */; };
		3C7C154223C29EE900F998E0 /* UITextField+EXT.swift in Sources */ = {isa = PBXBuildFile; fileRef = 3C7C154123C29EE900F998E0 /* UITextField+EXT.swift */; };
		3C7C154523C2A30B00F998E0 /* Validator.swift in Sources */ = {isa = PBXBuildFile; fileRef = 3C7C154423C2A30B00F998E0 /* Validator.swift */; };
		3C7C154723C2A34C00F998E0 /* Validatable.swift in Sources */ = {isa = PBXBuildFile; fileRef = 3C7C154623C2A34C00F998E0 /* Validatable.swift */; };
		3C7C154A23C2A3D900F998E0 /* Evaluatable.swift in Sources */ = {isa = PBXBuildFile; fileRef = 3C7C154923C2A3D900F998E0 /* Evaluatable.swift */; };
		3C7C154C23C2E35D00F998E0 /* String+EXT.swift in Sources */ = {isa = PBXBuildFile; fileRef = 3C7C154B23C2E35D00F998E0 /* String+EXT.swift */; };
		3C7C154E23C5A38600F998E0 /* VideoView.swift in Sources */ = {isa = PBXBuildFile; fileRef = 3C7C154D23C5A38600F998E0 /* VideoView.swift */; };
		3C7C155223C5AF2600F998E0 /* VideoCell.swift in Sources */ = {isa = PBXBuildFile; fileRef = 3C7C155123C5AF2600F998E0 /* VideoCell.swift */; };
		3CFB58F323DD4DA200897303 /* Array+EXT.swift in Sources */ = {isa = PBXBuildFile; fileRef = 3CFB58F223DD4DA200897303 /* Array+EXT.swift */; };
		6BD5857F6652C392FBBB360B /* Pods_RTSPViewer.framework in Frameworks */ = {isa = PBXBuildFile; fileRef = AFB07B83F8453FC533EAAB56 /* Pods_RTSPViewer.framework */; };
		84252F7723B56C9A0016D338 /* AppDelegate.swift in Sources */ = {isa = PBXBuildFile; fileRef = 84252F7623B56C9A0016D338 /* AppDelegate.swift */; };
		84252F7923B56C9A0016D338 /* SceneDelegate.swift in Sources */ = {isa = PBXBuildFile; fileRef = 84252F7823B56C9A0016D338 /* SceneDelegate.swift */; };
		84252F7E23B56C9A0016D338 /* Main.storyboard in Resources */ = {isa = PBXBuildFile; fileRef = 84252F7C23B56C9A0016D338 /* Main.storyboard */; };
		84252F8023B56C9E0016D338 /* Assets.xcassets in Resources */ = {isa = PBXBuildFile; fileRef = 84252F7F23B56C9E0016D338 /* Assets.xcassets */; };
		84252F8323B56C9E0016D338 /* LaunchScreen.storyboard in Resources */ = {isa = PBXBuildFile; fileRef = 84252F8123B56C9E0016D338 /* LaunchScreen.storyboard */; };
/* End PBXBuildFile section */

/* Begin PBXFileReference section */
		3C14F94323B5EFEA00A41B82 /* RTSPStreamViewController.swift */ = {isa = PBXFileReference; lastKnownFileType = sourcecode.swift; path = RTSPStreamViewController.swift; sourceTree = "<group>"; };
		3C18FC9523C1D44200E533F8 /* TextInputCell.swift */ = {isa = PBXFileReference; lastKnownFileType = sourcecode.swift; path = TextInputCell.swift; sourceTree = "<group>"; };
		3C786C7C23BDA7AB009B7351 /* AddStreamViewController.swift */ = {isa = PBXFileReference; lastKnownFileType = sourcecode.swift; path = AddStreamViewController.swift; sourceTree = "<group>"; };
		3C786C7E23BDA842009B7351 /* AddStream.storyboard */ = {isa = PBXFileReference; lastKnownFileType = file.storyboard; path = AddStream.storyboard; sourceTree = "<group>"; };
		3C7C154123C29EE900F998E0 /* UITextField+EXT.swift */ = {isa = PBXFileReference; lastKnownFileType = sourcecode.swift; path = "UITextField+EXT.swift"; sourceTree = "<group>"; };
		3C7C154423C2A30B00F998E0 /* Validator.swift */ = {isa = PBXFileReference; lastKnownFileType = sourcecode.swift; path = Validator.swift; sourceTree = "<group>"; };
		3C7C154623C2A34C00F998E0 /* Validatable.swift */ = {isa = PBXFileReference; lastKnownFileType = sourcecode.swift; path = Validatable.swift; sourceTree = "<group>"; };
		3C7C154923C2A3D900F998E0 /* Evaluatable.swift */ = {isa = PBXFileReference; lastKnownFileType = sourcecode.swift; path = Evaluatable.swift; sourceTree = "<group>"; };
		3C7C154B23C2E35D00F998E0 /* String+EXT.swift */ = {isa = PBXFileReference; lastKnownFileType = sourcecode.swift; path = "String+EXT.swift"; sourceTree = "<group>"; };
		3C7C154D23C5A38600F998E0 /* VideoView.swift */ = {isa = PBXFileReference; lastKnownFileType = sourcecode.swift; path = VideoView.swift; sourceTree = "<group>"; };
		3C7C155023C5A48B00F998E0 /* RTSPViewer-Bridging-Header.h */ = {isa = PBXFileReference; lastKnownFileType = sourcecode.c.h; path = "RTSPViewer-Bridging-Header.h"; sourceTree = "<group>"; };
		3C7C155123C5AF2600F998E0 /* VideoCell.swift */ = {isa = PBXFileReference; lastKnownFileType = sourcecode.swift; path = VideoCell.swift; sourceTree = "<group>"; };
		3CFB58F223DD4DA200897303 /* Array+EXT.swift */ = {isa = PBXFileReference; lastKnownFileType = sourcecode.swift; path = "Array+EXT.swift"; sourceTree = "<group>"; };
		84252F7323B56C990016D338 /* RTSPViewer.app */ = {isa = PBXFileReference; explicitFileType = wrapper.application; includeInIndex = 0; path = RTSPViewer.app; sourceTree = BUILT_PRODUCTS_DIR; };
		84252F7623B56C9A0016D338 /* AppDelegate.swift */ = {isa = PBXFileReference; lastKnownFileType = sourcecode.swift; path = AppDelegate.swift; sourceTree = "<group>"; };
		84252F7823B56C9A0016D338 /* SceneDelegate.swift */ = {isa = PBXFileReference; lastKnownFileType = sourcecode.swift; path = SceneDelegate.swift; sourceTree = "<group>"; };
		84252F7D23B56C9A0016D338 /* Base */ = {isa = PBXFileReference; lastKnownFileType = file.storyboard; name = Base; path = Base.lproj/Main.storyboard; sourceTree = "<group>"; };
		84252F7F23B56C9E0016D338 /* Assets.xcassets */ = {isa = PBXFileReference; lastKnownFileType = folder.assetcatalog; path = Assets.xcassets; sourceTree = "<group>"; };
		84252F8223B56C9E0016D338 /* Base */ = {isa = PBXFileReference; lastKnownFileType = file.storyboard; name = Base; path = Base.lproj/LaunchScreen.storyboard; sourceTree = "<group>"; };
		84252F8423B56C9E0016D338 /* Info.plist */ = {isa = PBXFileReference; lastKnownFileType = text.plist.xml; path = Info.plist; sourceTree = "<group>"; };
		AFB07B83F8453FC533EAAB56 /* Pods_RTSPViewer.framework */ = {isa = PBXFileReference; explicitFileType = wrapper.framework; includeInIndex = 0; path = Pods_RTSPViewer.framework; sourceTree = BUILT_PRODUCTS_DIR; };
		CCAD255B48F722FEB9F90FB3 /* Pods-RTSPViewer.debug.xcconfig */ = {isa = PBXFileReference; includeInIndex = 1; lastKnownFileType = text.xcconfig; name = "Pods-RTSPViewer.debug.xcconfig"; path = "Target Support Files/Pods-RTSPViewer/Pods-RTSPViewer.debug.xcconfig"; sourceTree = "<group>"; };
		D86C30A2D8F688A7B77ED438 /* Pods-RTSPViewer.release.xcconfig */ = {isa = PBXFileReference; includeInIndex = 1; lastKnownFileType = text.xcconfig; name = "Pods-RTSPViewer.release.xcconfig"; path = "Target Support Files/Pods-RTSPViewer/Pods-RTSPViewer.release.xcconfig"; sourceTree = "<group>"; };
/* End PBXFileReference section */

/* Begin PBXFrameworksBuildPhase section */
		84252F7023B56C990016D338 /* Frameworks */ = {
			isa = PBXFrameworksBuildPhase;
			buildActionMask = 2147483647;
			files = (
				6BD5857F6652C392FBBB360B /* Pods_RTSPViewer.framework in Frameworks */,
			);
			runOnlyForDeploymentPostprocessing = 0;
		};
/* End PBXFrameworksBuildPhase section */

/* Begin PBXGroup section */
		068C7946F50C72379975E10F /* Pods */ = {
			isa = PBXGroup;
			children = (
				CCAD255B48F722FEB9F90FB3 /* Pods-RTSPViewer.debug.xcconfig */,
				D86C30A2D8F688A7B77ED438 /* Pods-RTSPViewer.release.xcconfig */,
			);
			path = Pods;
			sourceTree = "<group>";
		};
		3C14F94523B5EFF800A41B82 /* Controllers */ = {
			isa = PBXGroup;
			children = (
				3C14F94323B5EFEA00A41B82 /* RTSPStreamViewController.swift */,
				3C786C7C23BDA7AB009B7351 /* AddStreamViewController.swift */,
			);
			path = Controllers;
			sourceTree = "<group>";
		};
		3C18FC9723C1D44A00E533F8 /* Cells */ = {
			isa = PBXGroup;
			children = (
				3C18FC9523C1D44200E533F8 /* TextInputCell.swift */,
				3C7C155123C5AF2600F998E0 /* VideoCell.swift */,
			);
			path = Cells;
			sourceTree = "<group>";
		};
		3C786C8023BDA849009B7351 /* Storyboards */ = {
			isa = PBXGroup;
			children = (
				84252F7C23B56C9A0016D338 /* Main.storyboard */,
				3C786C7E23BDA842009B7351 /* AddStream.storyboard */,
			);
			path = Storyboards;
			sourceTree = "<group>";
		};
		3C7C154323C29F2700F998E0 /* Extensions */ = {
			isa = PBXGroup;
			children = (
				3C7C154123C29EE900F998E0 /* UITextField+EXT.swift */,
				3C7C154B23C2E35D00F998E0 /* String+EXT.swift */,
				3CFB58F223DD4DA200897303 /* Array+EXT.swift */,
			);
			path = Extensions;
			sourceTree = "<group>";
		};
		3C7C154823C2A3A600F998E0 /* Protocols */ = {
			isa = PBXGroup;
			children = (
				3C7C154623C2A34C00F998E0 /* Validatable.swift */,
				3C7C154923C2A3D900F998E0 /* Evaluatable.swift */,
			);
			path = Protocols;
			sourceTree = "<group>";
		};
		3C7C154F23C5A39000F998E0 /* Views */ = {
			isa = PBXGroup;
			children = (
				3C7C154D23C5A38600F998E0 /* VideoView.swift */,
			);
			path = Views;
			sourceTree = "<group>";
		};
		84252F6A23B56C990016D338 = {
			isa = PBXGroup;
			children = (
				84252F7523B56C990016D338 /* RTSPViewer */,
				84252F7423B56C990016D338 /* Products */,
				068C7946F50C72379975E10F /* Pods */,
				DA1E2356BF40F540E08F3FE8 /* Frameworks */,
			);
			sourceTree = "<group>";
		};
		84252F7423B56C990016D338 /* Products */ = {
			isa = PBXGroup;
			children = (
				84252F7323B56C990016D338 /* RTSPViewer.app */,
			);
			name = Products;
			sourceTree = "<group>";
		};
		84252F7523B56C990016D338 /* RTSPViewer */ = {
			isa = PBXGroup;
			children = (
				84252F7623B56C9A0016D338 /* AppDelegate.swift */,
				84252F7823B56C9A0016D338 /* SceneDelegate.swift */,
				3C7C154423C2A30B00F998E0 /* Validator.swift */,
				3C7C154F23C5A39000F998E0 /* Views */,
				3C7C154823C2A3A600F998E0 /* Protocols */,
				3C7C154323C29F2700F998E0 /* Extensions */,
				3C18FC9723C1D44A00E533F8 /* Cells */,
				3C14F94523B5EFF800A41B82 /* Controllers */,
				3C786C8023BDA849009B7351 /* Storyboards */,
				84252F7F23B56C9E0016D338 /* Assets.xcassets */,
				84252F8123B56C9E0016D338 /* LaunchScreen.storyboard */,
				84252F8423B56C9E0016D338 /* Info.plist */,
				3C7C155023C5A48B00F998E0 /* RTSPViewer-Bridging-Header.h */,
			);
			path = RTSPViewer;
			sourceTree = "<group>";
		};
		DA1E2356BF40F540E08F3FE8 /* Frameworks */ = {
			isa = PBXGroup;
			children = (
				AFB07B83F8453FC533EAAB56 /* Pods_RTSPViewer.framework */,
			);
			name = Frameworks;
			sourceTree = "<group>";
		};
/* End PBXGroup section */

/* Begin PBXNativeTarget section */
		84252F7223B56C990016D338 /* RTSPViewer */ = {
			isa = PBXNativeTarget;
			buildConfigurationList = 84252F8723B56C9E0016D338 /* Build configuration list for PBXNativeTarget "RTSPViewer" */;
			buildPhases = (
				3B486AF8E4668B884C59DC32 /* [CP] Check Pods Manifest.lock */,
				84252F6F23B56C990016D338 /* Sources */,
				84252F7023B56C990016D338 /* Frameworks */,
				84252F7123B56C990016D338 /* Resources */,
			);
			buildRules = (
			);
			dependencies = (
			);
			name = RTSPViewer;
			productName = RTSPViewer;
			productReference = 84252F7323B56C990016D338 /* RTSPViewer.app */;
			productType = "com.apple.product-type.application";
		};
/* End PBXNativeTarget section */

/* Begin PBXProject section */
		84252F6B23B56C990016D338 /* Project object */ = {
			isa = PBXProject;
			attributes = {
				LastSwiftUpdateCheck = 1120;
				LastUpgradeCheck = 1120;
				ORGANIZATIONNAME = home;
				TargetAttributes = {
					84252F7223B56C990016D338 = {
						CreatedOnToolsVersion = 11.2;
					};
				};
			};
			buildConfigurationList = 84252F6E23B56C990016D338 /* Build configuration list for PBXProject "RTSPViewer" */;
			compatibilityVersion = "Xcode 9.3";
			developmentRegion = en;
			hasScannedForEncodings = 0;
			knownRegions = (
				en,
				Base,
			);
			mainGroup = 84252F6A23B56C990016D338;
			productRefGroup = 84252F7423B56C990016D338 /* Products */;
			projectDirPath = "";
			projectRoot = "";
			targets = (
				84252F7223B56C990016D338 /* RTSPViewer */,
			);
		};
/* End PBXProject section */

/* Begin PBXResourcesBuildPhase section */
		84252F7123B56C990016D338 /* Resources */ = {
			isa = PBXResourcesBuildPhase;
			buildActionMask = 2147483647;
			files = (
				3C786C7F23BDA842009B7351 /* AddStream.storyboard in Resources */,
				84252F8323B56C9E0016D338 /* LaunchScreen.storyboard in Resources */,
				84252F8023B56C9E0016D338 /* Assets.xcassets in Resources */,
				84252F7E23B56C9A0016D338 /* Main.storyboard in Resources */,
			);
			runOnlyForDeploymentPostprocessing = 0;
		};
/* End PBXResourcesBuildPhase section */

/* Begin PBXShellScriptBuildPhase section */
		3B486AF8E4668B884C59DC32 /* [CP] Check Pods Manifest.lock */ = {
			isa = PBXShellScriptBuildPhase;
			buildActionMask = 2147483647;
			files = (
			);
			inputFileListPaths = (
			);
			inputPaths = (
				"${PODS_PODFILE_DIR_PATH}/Podfile.lock",
				"${PODS_ROOT}/Manifest.lock",
			);
			name = "[CP] Check Pods Manifest.lock";
			outputFileListPaths = (
			);
			outputPaths = (
				"$(DERIVED_FILE_DIR)/Pods-RTSPViewer-checkManifestLockResult.txt",
			);
			runOnlyForDeploymentPostprocessing = 0;
			shellPath = /bin/sh;
			shellScript = "diff \"${PODS_PODFILE_DIR_PATH}/Podfile.lock\" \"${PODS_ROOT}/Manifest.lock\" > /dev/null\nif [ $? != 0 ] ; then\n    # print error to STDERR\n    echo \"error: The sandbox is not in sync with the Podfile.lock. Run 'pod install' or update your CocoaPods installation.\" >&2\n    exit 1\nfi\n# This output is used by Xcode 'outputs' to avoid re-running this script phase.\necho \"SUCCESS\" > \"${SCRIPT_OUTPUT_FILE_0}\"\n";
			showEnvVarsInLog = 0;
		};
/* End PBXShellScriptBuildPhase section */

/* Begin PBXSourcesBuildPhase section */
		84252F6F23B56C990016D338 /* Sources */ = {
			isa = PBXSourcesBuildPhase;
			buildActionMask = 2147483647;
			files = (
				3C786C7D23BDA7AB009B7351 /* AddStreamViewController.swift in Sources */,
				3C7C154223C29EE900F998E0 /* UITextField+EXT.swift in Sources */,
				84252F7723B56C9A0016D338 /* AppDelegate.swift in Sources */,
				3C14F94423B5EFEA00A41B82 /* RTSPStreamViewController.swift in Sources */,
				3C7C154C23C2E35D00F998E0 /* String+EXT.swift in Sources */,
				3C7C155223C5AF2600F998E0 /* VideoCell.swift in Sources */,
				3C7C154A23C2A3D900F998E0 /* Evaluatable.swift in Sources */,
				3C7C154523C2A30B00F998E0 /* Validator.swift in Sources */,
				3C7C154723C2A34C00F998E0 /* Validatable.swift in Sources */,
				3C18FC9623C1D44200E533F8 /* TextInputCell.swift in Sources */,
				3C7C154E23C5A38600F998E0 /* VideoView.swift in Sources */,
				84252F7923B56C9A0016D338 /* SceneDelegate.swift in Sources */,
				3CFB58F323DD4DA200897303 /* Array+EXT.swift in Sources */,
			);
			runOnlyForDeploymentPostprocessing = 0;
		};
/* End PBXSourcesBuildPhase section */

/* Begin PBXVariantGroup section */
		84252F7C23B56C9A0016D338 /* Main.storyboard */ = {
			isa = PBXVariantGroup;
			children = (
				84252F7D23B56C9A0016D338 /* Base */,
			);
			name = Main.storyboard;
			sourceTree = "<group>";
		};
		84252F8123B56C9E0016D338 /* LaunchScreen.storyboard */ = {
			isa = PBXVariantGroup;
			children = (
				84252F8223B56C9E0016D338 /* Base */,
			);
			name = LaunchScreen.storyboard;
			sourceTree = "<group>";
		};
/* End PBXVariantGroup section */

/* Begin XCBuildConfiguration section */
		84252F8523B56C9E0016D338 /* Debug */ = {
			isa = XCBuildConfiguration;
			buildSettings = {
				ALWAYS_SEARCH_USER_PATHS = NO;
				CLANG_ANALYZER_NONNULL = YES;
				CLANG_ANALYZER_NUMBER_OBJECT_CONVERSION = YES_AGGRESSIVE;
				CLANG_CXX_LANGUAGE_STANDARD = "gnu++14";
				CLANG_CXX_LIBRARY = "libc++";
				CLANG_ENABLE_MODULES = YES;
				CLANG_ENABLE_OBJC_ARC = YES;
				CLANG_ENABLE_OBJC_WEAK = YES;
				CLANG_WARN_BLOCK_CAPTURE_AUTORELEASING = YES;
				CLANG_WARN_BOOL_CONVERSION = YES;
				CLANG_WARN_COMMA = YES;
				CLANG_WARN_CONSTANT_CONVERSION = YES;
				CLANG_WARN_DEPRECATED_OBJC_IMPLEMENTATIONS = YES;
				CLANG_WARN_DIRECT_OBJC_ISA_USAGE = YES_ERROR;
				CLANG_WARN_DOCUMENTATION_COMMENTS = YES;
				CLANG_WARN_EMPTY_BODY = YES;
				CLANG_WARN_ENUM_CONVERSION = YES;
				CLANG_WARN_INFINITE_RECURSION = YES;
				CLANG_WARN_INT_CONVERSION = YES;
				CLANG_WARN_NON_LITERAL_NULL_CONVERSION = YES;
				CLANG_WARN_OBJC_IMPLICIT_RETAIN_SELF = YES;
				CLANG_WARN_OBJC_LITERAL_CONVERSION = YES;
				CLANG_WARN_OBJC_ROOT_CLASS = YES_ERROR;
				CLANG_WARN_RANGE_LOOP_ANALYSIS = YES;
				CLANG_WARN_STRICT_PROTOTYPES = YES;
				CLANG_WARN_SUSPICIOUS_MOVE = YES;
				CLANG_WARN_UNGUARDED_AVAILABILITY = YES_AGGRESSIVE;
				CLANG_WARN_UNREACHABLE_CODE = YES;
				CLANG_WARN__DUPLICATE_METHOD_MATCH = YES;
				COPY_PHASE_STRIP = NO;
				DEBUG_INFORMATION_FORMAT = dwarf;
				ENABLE_STRICT_OBJC_MSGSEND = YES;
				ENABLE_TESTABILITY = YES;
				GCC_C_LANGUAGE_STANDARD = gnu11;
				GCC_DYNAMIC_NO_PIC = NO;
				GCC_NO_COMMON_BLOCKS = YES;
				GCC_OPTIMIZATION_LEVEL = 0;
				GCC_PREPROCESSOR_DEFINITIONS = (
					"DEBUG=1",
					"$(inherited)",
				);
				GCC_WARN_64_TO_32_BIT_CONVERSION = YES;
				GCC_WARN_ABOUT_RETURN_TYPE = YES_ERROR;
				GCC_WARN_UNDECLARED_SELECTOR = YES;
				GCC_WARN_UNINITIALIZED_AUTOS = YES_AGGRESSIVE;
				GCC_WARN_UNUSED_FUNCTION = YES;
				GCC_WARN_UNUSED_VARIABLE = YES;
				IPHONEOS_DEPLOYMENT_TARGET = 13.2;
				MTL_ENABLE_DEBUG_INFO = INCLUDE_SOURCE;
				MTL_FAST_MATH = YES;
				ONLY_ACTIVE_ARCH = YES;
				SDKROOT = iphoneos;
				SWIFT_ACTIVE_COMPILATION_CONDITIONS = DEBUG;
				SWIFT_OPTIMIZATION_LEVEL = "-Onone";
			};
			name = Debug;
		};
		84252F8623B56C9E0016D338 /* Release */ = {
			isa = XCBuildConfiguration;
			buildSettings = {
				ALWAYS_SEARCH_USER_PATHS = NO;
				CLANG_ANALYZER_NONNULL = YES;
				CLANG_ANALYZER_NUMBER_OBJECT_CONVERSION = YES_AGGRESSIVE;
				CLANG_CXX_LANGUAGE_STANDARD = "gnu++14";
				CLANG_CXX_LIBRARY = "libc++";
				CLANG_ENABLE_MODULES = YES;
				CLANG_ENABLE_OBJC_ARC = YES;
				CLANG_ENABLE_OBJC_WEAK = YES;
				CLANG_WARN_BLOCK_CAPTURE_AUTORELEASING = YES;
				CLANG_WARN_BOOL_CONVERSION = YES;
				CLANG_WARN_COMMA = YES;
				CLANG_WARN_CONSTANT_CONVERSION = YES;
				CLANG_WARN_DEPRECATED_OBJC_IMPLEMENTATIONS = YES;
				CLANG_WARN_DIRECT_OBJC_ISA_USAGE = YES_ERROR;
				CLANG_WARN_DOCUMENTATION_COMMENTS = YES;
				CLANG_WARN_EMPTY_BODY = YES;
				CLANG_WARN_ENUM_CONVERSION = YES;
				CLANG_WARN_INFINITE_RECURSION = YES;
				CLANG_WARN_INT_CONVERSION = YES;
				CLANG_WARN_NON_LITERAL_NULL_CONVERSION = YES;
				CLANG_WARN_OBJC_IMPLICIT_RETAIN_SELF = YES;
				CLANG_WARN_OBJC_LITERAL_CONVERSION = YES;
				CLANG_WARN_OBJC_ROOT_CLASS = YES_ERROR;
				CLANG_WARN_RANGE_LOOP_ANALYSIS = YES;
				CLANG_WARN_STRICT_PROTOTYPES = YES;
				CLANG_WARN_SUSPICIOUS_MOVE = YES;
				CLANG_WARN_UNGUARDED_AVAILABILITY = YES_AGGRESSIVE;
				CLANG_WARN_UNREACHABLE_CODE = YES;
				CLANG_WARN__DUPLICATE_METHOD_MATCH = YES;
				COPY_PHASE_STRIP = NO;
				DEBUG_INFORMATION_FORMAT = "dwarf-with-dsym";
				ENABLE_NS_ASSERTIONS = NO;
				ENABLE_STRICT_OBJC_MSGSEND = YES;
				GCC_C_LANGUAGE_STANDARD = gnu11;
				GCC_NO_COMMON_BLOCKS = YES;
				GCC_WARN_64_TO_32_BIT_CONVERSION = YES;
				GCC_WARN_ABOUT_RETURN_TYPE = YES_ERROR;
				GCC_WARN_UNDECLARED_SELECTOR = YES;
				GCC_WARN_UNINITIALIZED_AUTOS = YES_AGGRESSIVE;
				GCC_WARN_UNUSED_FUNCTION = YES;
				GCC_WARN_UNUSED_VARIABLE = YES;
				IPHONEOS_DEPLOYMENT_TARGET = 13.2;
				MTL_ENABLE_DEBUG_INFO = NO;
				MTL_FAST_MATH = YES;
				SDKROOT = iphoneos;
				SWIFT_COMPILATION_MODE = wholemodule;
				SWIFT_OPTIMIZATION_LEVEL = "-O";
				VALIDATE_PRODUCT = YES;
			};
			name = Release;
		};
		84252F8823B56C9E0016D338 /* Debug */ = {
			isa = XCBuildConfiguration;
			baseConfigurationReference = CCAD255B48F722FEB9F90FB3 /* Pods-RTSPViewer.debug.xcconfig */;
			buildSettings = {
				ASSETCATALOG_COMPILER_APPICON_NAME = AppIcon;
				CODE_SIGN_STYLE = Automatic;
				INFOPLIST_FILE = RTSPViewer/Info.plist;
				LD_RUNPATH_SEARCH_PATHS = (
					"$(inherited)",
					"@executable_path/Frameworks",
				);
				PRODUCT_BUNDLE_IDENTIFIER = com.RTSPViewer;
				PRODUCT_NAME = "$(TARGET_NAME)";
				SWIFT_OBJC_BRIDGING_HEADER = "$(PROJECT_DIR)/$(PROJECT_NAME)/$(PROJECT_NAME)-Bridging-Header.h";
				SWIFT_VERSION = 5.0;
				TARGETED_DEVICE_FAMILY = "1,2";
			};
			name = Debug;
		};
		84252F8923B56C9E0016D338 /* Release */ = {
			isa = XCBuildConfiguration;
			baseConfigurationReference = D86C30A2D8F688A7B77ED438 /* Pods-RTSPViewer.release.xcconfig */;
			buildSettings = {
				ASSETCATALOG_COMPILER_APPICON_NAME = AppIcon;
				CODE_SIGN_STYLE = Automatic;
				INFOPLIST_FILE = RTSPViewer/Info.plist;
				LD_RUNPATH_SEARCH_PATHS = (
					"$(inherited)",
					"@executable_path/Frameworks",
				);
				PRODUCT_BUNDLE_IDENTIFIER = com.RTSPViewer;
				PRODUCT_NAME = "$(TARGET_NAME)";
				SWIFT_OBJC_BRIDGING_HEADER = "$(PROJECT_DIR)/$(PROJECT_NAME)/$(PROJECT_NAME)-Bridging-Header.h";
				SWIFT_VERSION = 5.0;
				TARGETED_DEVICE_FAMILY = "1,2";
			};
			name = Release;
		};
/* End XCBuildConfiguration section */

/* Begin XCConfigurationList section */
		84252F6E23B56C990016D338 /* Build configuration list for PBXProject "RTSPViewer" */ = {
			isa = XCConfigurationList;
			buildConfigurations = (
				84252F8523B56C9E0016D338 /* Debug */,
				84252F8623B56C9E0016D338 /* Release */,
			);
			defaultConfigurationIsVisible = 0;
			defaultConfigurationName = Release;
		};
		84252F8723B56C9E0016D338 /* Build configuration list for PBXNativeTarget "RTSPViewer" */ = {
			isa = XCConfigurationList;
			buildConfigurations = (
				84252F8823B56C9E0016D338 /* Debug */,
				84252F8923B56C9E0016D338 /* Release */,
			);
			defaultConfigurationIsVisible = 0;
			defaultConfigurationName = Release;
		};
/* End XCConfigurationList section */
	};
	rootObject = 84252F6B23B56C990016D338 /* Project object */;
}
